
Microsoft Visual Studio Solution File, Format Version 12.00
# Visual Studio Version 16
VisualStudioVersion = 16.0.808.7
MinimumVisualStudioVersion = 10.0.40219.1
Project("{FAE04EC0-301F-11D3-BF4B-00C04F79EFBC}") = "Valdez_Jesse_HW2", "Valdez_Jesse_HW2.csproj", "{D935291E-4D06-48A8-A9D9-032E1D1B81B1}"
EndProject
Global
	GlobalSection(SolutionConfigurationPlatforms) = preSolution
		Debug|Any CPU = Debug|Any CPU
		Release|Any CPU = Release|Any CPU
	EndGlobalSection
	GlobalSection(ProjectConfigurationPlatforms) = postSolution
		{D935291E-4D06-48A8-A9D9-032E1D1B81B1}.Debug|Any CPU.ActiveCfg = Debug|Any CPU
		{D935291E-4D06-48A8-A9D9-032E1D1B81B1}.Debug|Any CPU.Build.0 = Debug|Any CPU
		{D935291E-4D06-48A8-A9D9-032E1D1B81B1}.Release|Any CPU.ActiveCfg = Release|Any CPU
		{D935291E-4D06-48A8-A9D9-032E1D1B81B1}.Release|Any CPU.Build.0 = Release|Any CPU
	EndGlobalSection
	GlobalSection(SolutionProperties) = preSolution
		HideSolutionNode = FALSE
	EndGlobalSection
	GlobalSection(ExtensibilityGlobals) = postSolution
		SolutionGuid = {3C677665-9362-4982-9034-F93D2F1C80DF}
	EndGlobalSection
EndGlobal
